
Microsoft Visual Studio Solution File, Format Version 12.00
Project("{FAE04EC0-301F-11D3-BF4B-00C04F79EFBC}") = "dotdock", "dotdock\dotdock.csproj", "{D29BE02D-6827-401F-BA51-B8BA6365F930}"
EndProject
Global
	GlobalSection(SolutionConfigurationPlatforms) = preSolution
		Debug|Any CPU = Debug|Any CPU
		Release|Any CPU = Release|Any CPU
	EndGlobalSection
	GlobalSection(ProjectConfigurationPlatforms) = postSolution
		{D29BE02D-6827-401F-BA51-B8BA6365F930}.Debug|Any CPU.ActiveCfg = Debug|Any CPU
		{D29BE02D-6827-401F-BA51-B8BA6365F930}.Debug|Any CPU.Build.0 = Debug|Any CPU
		{D29BE02D-6827-401F-BA51-B8BA6365F930}.Release|Any CPU.ActiveCfg = Release|Any CPU
		{D29BE02D-6827-401F-BA51-B8BA6365F930}.Release|Any CPU.Build.0 = Release|Any CPU
	EndGlobalSection
EndGlobal
